
Microsoft Visual Studio Solution File, Format Version 12.00
# Visual Studio 14
VisualStudioVersion = 14.0.25420.1
MinimumVisualStudioVersion = 10.0.40219.1
Project("{2150E333-8FDC-42A3-9474-1A3956D46DE8}") = "src", "src", "{1EE110E7-EBF4-4088-804A-4C9A5A5B27C2}"
EndProject
Project("{2150E333-8FDC-42A3-9474-1A3956D46DE8}") = "Solution Items", "Solution Items", "{2E795E0C-C3CC-4801-BD65-B8025D6CF5C0}"
	ProjectSection(SolutionItems) = preProject
		global.json = global.json
	EndProjectSection
EndProject
Project("{8BB2217D-0F2D-49D1-97BC-3654ED321F3B}") = "ProgrammingQuestions", "src\ProgrammingQuestions\ProgrammingQuestions.xproj", "{C0BEF6BE-173D-4F81-A0C8-09412CA6F058}"
EndProject
Global
	GlobalSection(SolutionConfigurationPlatforms) = preSolution
		Debug|Any CPU = Debug|Any CPU
		Release|Any CPU = Release|Any CPU
	EndGlobalSection
	GlobalSection(ProjectConfigurationPlatforms) = postSolution
		{C0BEF6BE-173D-4F81-A0C8-09412CA6F058}.Debug|Any CPU.ActiveCfg = Debug|Any CPU
		{C0BEF6BE-173D-4F81-A0C8-09412CA6F058}.Debug|Any CPU.Build.0 = Debug|Any CPU
		{C0BEF6BE-173D-4F81-A0C8-09412CA6F058}.Release|Any CPU.ActiveCfg = Release|Any CPU
		{C0BEF6BE-173D-4F81-A0C8-09412CA6F058}.Release|Any CPU.Build.0 = Release|Any CPU
	EndGlobalSection
	GlobalSection(SolutionProperties) = preSolution
		HideSolutionNode = FALSE
	EndGlobalSection
	GlobalSection(NestedProjects) = preSolution
		{C0BEF6BE-173D-4F81-A0C8-09412CA6F058} = {1EE110E7-EBF4-4088-804A-4C9A5A5B27C2}
	EndGlobalSection
EndGlobal
